
Microsoft Visual Studio Solution File, Format Version 12.00
# Visual Studio Version 17
VisualStudioVersion = 17.0.32014.148
MinimumVisualStudioVersion = 10.0.40219.1
Project("{FAE04EC0-301F-11D3-BF4B-00C04F79EFBC}") = "JWTAuth.WebApi", "JWTAuth.WebApi\JWTAuth.WebApi.csproj", "{809A95EC-04AF-4847-B222-63BA10034AED}"
EndProject
Global
	GlobalSection(SolutionConfigurationPlatforms) = preSolution
		Debug|Any CPU = Debug|Any CPU
		Release|Any CPU = Release|Any CPU
	EndGlobalSection
	GlobalSection(ProjectConfigurationPlatforms) = postSolution
		{809A95EC-04AF-4847-B222-63BA10034AED}.Debug|Any CPU.ActiveCfg = Debug|Any CPU
		{809A95EC-04AF-4847-B222-63BA10034AED}.Debug|Any CPU.Build.0 = Debug|Any CPU
		{809A95EC-04AF-4847-B222-63BA10034AED}.Release|Any CPU.ActiveCfg = Release|Any CPU
		{809A95EC-04AF-4847-B222-63BA10034AED}.Release|Any CPU.Build.0 = Release|Any CPU
	EndGlobalSection
	GlobalSection(SolutionProperties) = preSolution
		HideSolutionNode = FALSE
	EndGlobalSection
	GlobalSection(ExtensibilityGlobals) = postSolution
		SolutionGuid = {271A0C6D-549E-4455-B67B-941A6EED6A09}
	EndGlobalSection
EndGlobal
